
Microsoft Visual Studio Solution File, Format Version 12.00
# Visual Studio Version 17
VisualStudioVersion = 17.10.35027.167
MinimumVisualStudioVersion = 10.0.40219.1
Project("{FAE04EC0-301F-11D3-BF4B-00C04F79EFBC}") = "LibraryApp.Domains", "LibraryApp.Domains\LibraryApp.Domains.csproj", "{B9CEFF07-0363-4217-B484-EB3F1CC5E1A8}"
EndProject
Project("{FAE04EC0-301F-11D3-BF4B-00C04F79EFBC}") = "LibraryApp.BLL", "LibraryApp.BLL\LibraryApp.BLL.csproj", "{AA4B1055-AF01-483D-A3D7-1F98058D530D}"
EndProject
Project("{FAE04EC0-301F-11D3-BF4B-00C04F79EFBC}") = "LibraryApp.DAL", "LibraryApp.DAL\LibraryApp.DAL.csproj", "{7343BA4A-5B03-41BC-AF92-256278C4AA13}"
EndProject
Project("{FAE04EC0-301F-11D3-BF4B-00C04F79EFBC}") = "LibraryApp.Core", "LibraryApp.Core\LibraryApp.Core.csproj", "{A0C74F9D-60E2-4F34-807F-7518BEACFC66}"
EndProject
Project("{FAE04EC0-301F-11D3-BF4B-00C04F79EFBC}") = "LibraryApp.API", "LibraryApp.API\LibraryApp.API.csproj", "{0C11C3C0-FEE0-475D-96C1-FAF905DD2210}"
EndProject
Global
	GlobalSection(SolutionConfigurationPlatforms) = preSolution
		Debug|Any CPU = Debug|Any CPU
		Release|Any CPU = Release|Any CPU
	EndGlobalSection
	GlobalSection(ProjectConfigurationPlatforms) = postSolution
		{B9CEFF07-0363-4217-B484-EB3F1CC5E1A8}.Debug|Any CPU.ActiveCfg = Debug|Any CPU
		{B9CEFF07-0363-4217-B484-EB3F1CC5E1A8}.Debug|Any CPU.Build.0 = Debug|Any CPU
		{B9CEFF07-0363-4217-B484-EB3F1CC5E1A8}.Release|Any CPU.ActiveCfg = Release|Any CPU
		{B9CEFF07-0363-4217-B484-EB3F1CC5E1A8}.Release|Any CPU.Build.0 = Release|Any CPU
		{AA4B1055-AF01-483D-A3D7-1F98058D530D}.Debug|Any CPU.ActiveCfg = Debug|Any CPU
		{AA4B1055-AF01-483D-A3D7-1F98058D530D}.Debug|Any CPU.Build.0 = Debug|Any CPU
		{AA4B1055-AF01-483D-A3D7-1F98058D530D}.Release|Any CPU.ActiveCfg = Release|Any CPU
		{AA4B1055-AF01-483D-A3D7-1F98058D530D}.Release|Any CPU.Build.0 = Release|Any CPU
		{7343BA4A-5B03-41BC-AF92-256278C4AA13}.Debug|Any CPU.ActiveCfg = Debug|Any CPU
		{7343BA4A-5B03-41BC-AF92-256278C4AA13}.Debug|Any CPU.Build.0 = Debug|Any CPU
		{7343BA4A-5B03-41BC-AF92-256278C4AA13}.Release|Any CPU.ActiveCfg = Release|Any CPU
		{7343BA4A-5B03-41BC-AF92-256278C4AA13}.Release|Any CPU.Build.0 = Release|Any CPU
		{A0C74F9D-60E2-4F34-807F-7518BEACFC66}.Debug|Any CPU.ActiveCfg = Debug|Any CPU
		{A0C74F9D-60E2-4F34-807F-7518BEACFC66}.Debug|Any CPU.Build.0 = Debug|Any CPU
		{A0C74F9D-60E2-4F34-807F-7518BEACFC66}.Release|Any CPU.ActiveCfg = Release|Any CPU
		{A0C74F9D-60E2-4F34-807F-7518BEACFC66}.Release|Any CPU.Build.0 = Release|Any CPU
		{0C11C3C0-FEE0-475D-96C1-FAF905DD2210}.Debug|Any CPU.ActiveCfg = Debug|Any CPU
		{0C11C3C0-FEE0-475D-96C1-FAF905DD2210}.Debug|Any CPU.Build.0 = Debug|Any CPU
		{0C11C3C0-FEE0-475D-96C1-FAF905DD2210}.Release|Any CPU.ActiveCfg = Release|Any CPU
		{0C11C3C0-FEE0-475D-96C1-FAF905DD2210}.Release|Any CPU.Build.0 = Release|Any CPU
	EndGlobalSection
	GlobalSection(SolutionProperties) = preSolution
		HideSolutionNode = FALSE
	EndGlobalSection
	GlobalSection(ExtensibilityGlobals) = postSolution
		SolutionGuid = {614F6236-47FD-4C3A-ADAC-C2C708FB1269}
	EndGlobalSection
EndGlobal
